// !$*UTF8*$!
{
	archiveVersion = 1;
	classes = {
	};
	objectVersion = 50;
	objects = {

/* Begin PBXBuildFile section */
		EECEDD2D240E5873002F88F6 /* AppDelegate.swift in Sources */ = {isa = PBXBuildFile; fileRef = EECEDD2C240E5873002F88F6 /* AppDelegate.swift */; };
		EECEDD2F240E5873002F88F6 /* SceneDelegate.swift in Sources */ = {isa = PBXBuildFile; fileRef = EECEDD2E240E5873002F88F6 /* SceneDelegate.swift */; };
		EECEDD31240E5873002F88F6 /* ViewController.swift in Sources */ = {isa = PBXBuildFile; fileRef = EECEDD30240E5873002F88F6 /* ViewController.swift */; };
		EECEDD34240E5873002F88F6 /* Main.storyboard in Resources */ = {isa = PBXBuildFile; fileRef = EECEDD32240E5873002F88F6 /* Main.storyboard */; };
		EECEDD36240E5877002F88F6 /* Assets.xcassets in Resources */ = {isa = PBXBuildFile; fileRef = EECEDD35240E5877002F88F6 /* Assets.xcassets */; };
		EECEDD39240E5877002F88F6 /* LaunchScreen.storyboard in Resources */ = {isa = PBXBuildFile; fileRef = EECEDD37240E5877002F88F6 /* LaunchScreen.storyboard */; };
		EECEDD41240E59B1002F88F6 /* GoogleService-Info.plist in Resources */ = {isa = PBXBuildFile; fileRef = EECEDD40240E59B1002F88F6 /* GoogleService-Info.plist */; };
/* End PBXBuildFile section */

/* Begin PBXFileReference section */
		EECEDD29240E5873002F88F6 /* FitnessTranningApp.app */ = {isa = PBXFileReference; explicitFileType = wrapper.application; includeInIndex = 0; path = FitnessTranningApp.app; sourceTree = BUILT_PRODUCTS_DIR; };
		EECEDD2C240E5873002F88F6 /* AppDelegate.swift */ = {isa = PBXFileReference; lastKnownFileType = sourcecode.swift; path = AppDelegate.swift; sourceTree = "<group>"; };
		EECEDD2E240E5873002F88F6 /* SceneDelegate.swift */ = {isa = PBXFileReference; lastKnownFileType = sourcecode.swift; path = SceneDelegate.swift; sourceTree = "<group>"; };
		EECEDD30240E5873002F88F6 /* ViewController.swift */ = {isa = PBXFileReference; lastKnownFileType = sourcecode.swift; path = ViewController.swift; sourceTree = "<group>"; };
		EECEDD33240E5873002F88F6 /* Base */ = {isa = PBXFileReference; lastKnownFileType = file.storyboard; name = Base; path = Base.lproj/Main.storyboard; sourceTree = "<group>"; };
		EECEDD35240E5877002F88F6 /* Assets.xcassets */ = {isa = PBXFileReference; lastKnownFileType = folder.assetcatalog; path = Assets.xcassets; sourceTree = "<group>"; };
		EECEDD38240E5877002F88F6 /* Base */ = {isa = PBXFileReference; lastKnownFileType = file.storyboard; name = Base; path = Base.lproj/LaunchScreen.storyboard; sourceTree = "<group>"; };
		EECEDD3A240E5877002F88F6 /* Info.plist */ = {isa = PBXFileReference; lastKnownFileType = text.plist.xml; path = Info.plist; sourceTree = "<group>"; };
		EECEDD40240E59B1002F88F6 /* GoogleService-Info.plist */ = {isa = PBXFileReference; fileEncoding = 4; lastKnownFileType = text.plist.xml; path = "GoogleService-Info.plist"; sourceTree = "<group>"; };
/* End PBXFileReference section */

/* Begin PBXFrameworksBuildPhase section */
		EECEDD26240E5873002F88F6 /* Frameworks */ = {
			isa = PBXFrameworksBuildPhase;
			buildActionMask = 2147483647;
			files = (
			);
			runOnlyForDeploymentPostprocessing = 0;
		};
/* End PBXFrameworksBuildPhase section */

/* Begin PBXGroup section */
		EECEDD20240E5873002F88F6 = {
			isa = PBXGroup;
			children = (
				EECEDD2B240E5873002F88F6 /* FitnessTranningApp */,
				EECEDD2A240E5873002F88F6 /* Products */,
			);
			sourceTree = "<group>";
		};
		EECEDD2A240E5873002F88F6 /* Products */ = {
			isa = PBXGroup;
			children = (
				EECEDD29240E5873002F88F6 /* FitnessTranningApp.app */,
			);
			name = Products;
			sourceTree = "<group>";
		};
		EECEDD2B240E5873002F88F6 /* FitnessTranningApp */ = {
			isa = PBXGroup;
			children = (
				EECEDD2C240E5873002F88F6 /* AppDelegate.swift */,
				EECEDD2E240E5873002F88F6 /* SceneDelegate.swift */,
				EECEDD30240E5873002F88F6 /* ViewController.swift */,
				EECEDD32240E5873002F88F6 /* Main.storyboard */,
				EECEDD35240E5877002F88F6 /* Assets.xcassets */,
				EECEDD37240E5877002F88F6 /* LaunchScreen.storyboard */,
				EECEDD3A240E5877002F88F6 /* Info.plist */,
				EECEDD40240E59B1002F88F6 /* GoogleService-Info.plist */,
			);
			path = FitnessTranningApp;
			sourceTree = "<group>";
		};
/* End PBXGroup section */

/* Begin PBXNativeTarget section */
		EECEDD28240E5873002F88F6 /* FitnessTranningApp */ = {
			isa = PBXNativeTarget;
			buildConfigurationList = EECEDD3D240E5877002F88F6 /* Build configuration list for PBXNativeTarget "FitnessTranningApp" */;
			buildPhases = (
				EECEDD25240E5873002F88F6 /* Sources */,
				EECEDD26240E5873002F88F6 /* Frameworks */,
				EECEDD27240E5873002F88F6 /* Resources */,
			);
			buildRules = (
			);
			dependencies = (
			);
			name = FitnessTranningApp;
			productName = FitnessTranningApp;
			productReference = EECEDD29240E5873002F88F6 /* FitnessTranningApp.app */;
			productType = "com.apple.product-type.application";
		};
/* End PBXNativeTarget section */

/* Begin PBXProject section */
		EECEDD21240E5873002F88F6 /* Project object */ = {
			isa = PBXProject;
			attributes = {
				LastSwiftUpdateCheck = 1130;
				LastUpgradeCheck = 1130;
				ORGANIZATIONNAME = "M.Levi's";
				TargetAttributes = {
					EECEDD28240E5873002F88F6 = {
						CreatedOnToolsVersion = 11.3.1;
					};
				};
			};
			buildConfigurationList = EECEDD24240E5873002F88F6 /* Build configuration list for PBXProject "FitnessTranningApp" */;
			compatibilityVersion = "Xcode 9.3";
			developmentRegion = en;
			hasScannedForEncodings = 0;
			knownRegions = (
				en,
				Base,
			);
			mainGroup = EECEDD20240E5873002F88F6;
			productRefGroup = EECEDD2A240E5873002F88F6 /* Products */;
			projectDirPath = "";
			projectRoot = "";
			targets = (
				EECEDD28240E5873002F88F6 /* FitnessTranningApp */,
			);
		};
/* End PBXProject section */

/* Begin PBXResourcesBuildPhase section */
		EECEDD27240E5873002F88F6 /* Resources */ = {
			isa = PBXResourcesBuildPhase;
			buildActionMask = 2147483647;
			files = (
				EECEDD39240E5877002F88F6 /* LaunchScreen.storyboard in Resources */,
				EECEDD41240E59B1002F88F6 /* GoogleService-Info.plist in Resources */,
				EECEDD36240E5877002F88F6 /* Assets.xcassets in Resources */,
				EECEDD34240E5873002F88F6 /* Main.storyboard in Resources */,
			);
			runOnlyForDeploymentPostprocessing = 0;
		};
/* End PBXResourcesBuildPhase section */

/* Begin PBXSourcesBuildPhase section */
		EECEDD25240E5873002F88F6 /* Sources */ = {
			isa = PBXSourcesBuildPhase;
			buildActionMask = 2147483647;
			files = (
				EECEDD31240E5873002F88F6 /* ViewController.swift in Sources */,
				EECEDD2D240E5873002F88F6 /* AppDelegate.swift in Sources */,
				EECEDD2F240E5873002F88F6 /* SceneDelegate.swift in Sources */,
			);
			runOnlyForDeploymentPostprocessing = 0;
		};
/* End PBXSourcesBuildPhase section */

/* Begin PBXVariantGroup section */
		EECEDD32240E5873002F88F6 /* Main.storyboard */ = {
			isa = PBXVariantGroup;
			children = (
				EECEDD33240E5873002F88F6 /* Base */,
			);
			name = Main.storyboard;
			sourceTree = "<group>";
		};
		EECEDD37240E5877002F88F6 /* LaunchScreen.storyboard */ = {
			isa = PBXVariantGroup;
			children = (
				EECEDD38240E5877002F88F6 /* Base */,
			);
			name = LaunchScreen.storyboard;
			sourceTree = "<group>";
		};
/* End PBXVariantGroup section */

/* Begin XCBuildConfiguration section */
		EECEDD3B240E5877002F88F6 /* Debug */ = {
			isa = XCBuildConfiguration;
			buildSettings = {
				ALWAYS_SEARCH_USER_PATHS = NO;
				CLANG_ANALYZER_NONNULL = YES;
				CLANG_ANALYZER_NUMBER_OBJECT_CONVERSION = YES_AGGRESSIVE;
				CLANG_CXX_LANGUAGE_STANDARD = "gnu++14";
				CLANG_CXX_LIBRARY = "libc++";
				CLANG_ENABLE_MODULES = YES;
				CLANG_ENABLE_OBJC_ARC = YES;
				CLANG_ENABLE_OBJC_WEAK = YES;
				CLANG_WARN_BLOCK_CAPTURE_AUTORELEASING = YES;
				CLANG_WARN_BOOL_CONVERSION = YES;
				CLANG_WARN_COMMA = YES;
				CLANG_WARN_CONSTANT_CONVERSION = YES;
				CLANG_WARN_DEPRECATED_OBJC_IMPLEMENTATIONS = YES;
				CLANG_WARN_DIRECT_OBJC_ISA_USAGE = YES_ERROR;
				CLANG_WARN_DOCUMENTATION_COMMENTS = YES;
				CLANG_WARN_EMPTY_BODY = YES;
				CLANG_WARN_ENUM_CONVERSION = YES;
				CLANG_WARN_INFINITE_RECURSION = YES;
				CLANG_WARN_INT_CONVERSION = YES;
				CLANG_WARN_NON_LITERAL_NULL_CONVERSION = YES;
				CLANG_WARN_OBJC_IMPLICIT_RETAIN_SELF = YES;
				CLANG_WARN_OBJC_LITERAL_CONVERSION = YES;
				CLANG_WARN_OBJC_ROOT_CLASS = YES_ERROR;
				CLANG_WARN_RANGE_LOOP_ANALYSIS = YES;
				CLANG_WARN_STRICT_PROTOTYPES = YES;
				CLANG_WARN_SUSPICIOUS_MOVE = YES;
				CLANG_WARN_UNGUARDED_AVAILABILITY = YES_AGGRESSIVE;
				CLANG_WARN_UNREACHABLE_CODE = YES;
				CLANG_WARN__DUPLICATE_METHOD_MATCH = YES;
				COPY_PHASE_STRIP = NO;
				DEBUG_INFORMATION_FORMAT = dwarf;
				ENABLE_STRICT_OBJC_MSGSEND = YES;
				ENABLE_TESTABILITY = YES;
				GCC_C_LANGUAGE_STANDARD = gnu11;
				GCC_DYNAMIC_NO_PIC = NO;
				GCC_NO_COMMON_BLOCKS = YES;
				GCC_OPTIMIZATION_LEVEL = 0;
				GCC_PREPROCESSOR_DEFINITIONS = (
					"DEBUG=1",
					"$(inherited)",
				);
				GCC_WARN_64_TO_32_BIT_CONVERSION = YES;
				GCC_WARN_ABOUT_RETURN_TYPE = YES_ERROR;
				GCC_WARN_UNDECLARED_SELECTOR = YES;
				GCC_WARN_UNINITIALIZED_AUTOS = YES_AGGRESSIVE;
				GCC_WARN_UNUSED_FUNCTION = YES;
				GCC_WARN_UNUSED_VARIABLE = YES;
				IPHONEOS_DEPLOYMENT_TARGET = 13.2;
				MTL_ENABLE_DEBUG_INFO = INCLUDE_SOURCE;
				MTL_FAST_MATH = YES;
				ONLY_ACTIVE_ARCH = YES;
				SDKROOT = iphoneos;
				SWIFT_ACTIVE_COMPILATION_CONDITIONS = DEBUG;
				SWIFT_OPTIMIZATION_LEVEL = "-Onone";
			};
			name = Debug;
		};
		EECEDD3C240E5877002F88F6 /* Release */ = {
			isa = XCBuildConfiguration;
			buildSettings = {
				ALWAYS_SEARCH_USER_PATHS = NO;
				CLANG_ANALYZER_NONNULL = YES;
				CLANG_ANALYZER_NUMBER_OBJECT_CONVERSION = YES_AGGRESSIVE;
				CLANG_CXX_LANGUAGE_STANDARD = "gnu++14";
				CLANG_CXX_LIBRARY = "libc++";
				CLANG_ENABLE_MODULES = YES;
				CLANG_ENABLE_OBJC_ARC = YES;
				CLANG_ENABLE_OBJC_WEAK = YES;
				CLANG_WARN_BLOCK_CAPTURE_AUTORELEASING = YES;
				CLANG_WARN_BOOL_CONVERSION = YES;
				CLANG_WARN_COMMA = YES;
				CLANG_WARN_CONSTANT_CONVERSION = YES;
				CLANG_WARN_DEPRECATED_OBJC_IMPLEMENTATIONS = YES;
				CLANG_WARN_DIRECT_OBJC_ISA_USAGE = YES_ERROR;
				CLANG_WARN_DOCUMENTATION_COMMENTS = YES;
				CLANG_WARN_EMPTY_BODY = YES;
				CLANG_WARN_ENUM_CONVERSION = YES;
				CLANG_WARN_INFINITE_RECURSION = YES;
				CLANG_WARN_INT_CONVERSION = YES;
				CLANG_WARN_NON_LITERAL_NULL_CONVERSION = YES;
				CLANG_WARN_OBJC_IMPLICIT_RETAIN_SELF = YES;
				CLANG_WARN_OBJC_LITERAL_CONVERSION = YES;
				CLANG_WARN_OBJC_ROOT_CLASS = YES_ERROR;
				CLANG_WARN_RANGE_LOOP_ANALYSIS = YES;
				CLANG_WARN_STRICT_PROTOTYPES = YES;
				CLANG_WARN_SUSPICIOUS_MOVE = YES;
				CLANG_WARN_UNGUARDED_AVAILABILITY = YES_AGGRESSIVE;
				CLANG_WARN_UNREACHABLE_CODE = YES;
				CLANG_WARN__DUPLICATE_METHOD_MATCH = YES;
				COPY_PHASE_STRIP = NO;
				DEBUG_INFORMATION_FORMAT = "dwarf-with-dsym";
				ENABLE_NS_ASSERTIONS = NO;
				ENABLE_STRICT_OBJC_MSGSEND = YES;
				GCC_C_LANGUAGE_STANDARD = gnu11;
				GCC_NO_COMMON_BLOCKS = YES;
				GCC_WARN_64_TO_32_BIT_CONVERSION = YES;
				GCC_WARN_ABOUT_RETURN_TYPE = YES_ERROR;
				GCC_WARN_UNDECLARED_SELECTOR = YES;
				GCC_WARN_UNINITIALIZED_AUTOS = YES_AGGRESSIVE;
				GCC_WARN_UNUSED_FUNCTION = YES;
				GCC_WARN_UNUSED_VARIABLE = YES;
				IPHONEOS_DEPLOYMENT_TARGET = 13.2;
				MTL_ENABLE_DEBUG_INFO = NO;
				MTL_FAST_MATH = YES;
				SDKROOT = iphoneos;
				SWIFT_COMPILATION_MODE = wholemodule;
				SWIFT_OPTIMIZATION_LEVEL = "-O";
				VALIDATE_PRODUCT = YES;
			};
			name = Release;
		};
		EECEDD3E240E5877002F88F6 /* Debug */ = {
			isa = XCBuildConfiguration;
			buildSettings = {
				ASSETCATALOG_COMPILER_APPICON_NAME = AppIcon;
				CODE_SIGN_STYLE = Automatic;
				DEVELOPMENT_TEAM = 94YWBE3C4K;
				INFOPLIST_FILE = FitnessTranningApp/Info.plist;
				LD_RUNPATH_SEARCH_PATHS = (
					"$(inherited)",
					"@executable_path/Frameworks",
				);
				PRODUCT_BUNDLE_IDENTIFIER = "Moran-sApps.FitnessTranningApp";
				PRODUCT_NAME = "$(TARGET_NAME)";
				SWIFT_VERSION = 5.0;
				TARGETED_DEVICE_FAMILY = "1,2";
			};
			name = Debug;
		};
		EECEDD3F240E5877002F88F6 /* Release */ = {
			isa = XCBuildConfiguration;
			buildSettings = {
				ASSETCATALOG_COMPILER_APPICON_NAME = AppIcon;
				CODE_SIGN_STYLE = Automatic;
				DEVELOPMENT_TEAM = 94YWBE3C4K;
				INFOPLIST_FILE = FitnessTranningApp/Info.plist;
				LD_RUNPATH_SEARCH_PATHS = (
					"$(inherited)",
					"@executable_path/Frameworks",
				);
				PRODUCT_BUNDLE_IDENTIFIER = "Moran-sApps.FitnessTranningApp";
				PRODUCT_NAME = "$(TARGET_NAME)";
				SWIFT_VERSION = 5.0;
				TARGETED_DEVICE_FAMILY = "1,2";
			};
			name = Release;
		};
/* End XCBuildConfiguration section */

/* Begin XCConfigurationList section */
		EECEDD24240E5873002F88F6 /* Build configuration list for PBXProject "FitnessTranningApp" */ = {
			isa = XCConfigurationList;
			buildConfigurations = (
				EECEDD3B240E5877002F88F6 /* Debug */,
				EECEDD3C240E5877002F88F6 /* Release */,
			);
			defaultConfigurationIsVisible = 0;
			defaultConfigurationName = Release;
		};
		EECEDD3D240E5877002F88F6 /* Build configuration list for PBXNativeTarget "FitnessTranningApp" */ = {
			isa = XCConfigurationList;
			buildConfigurations = (
				EECEDD3E240E5877002F88F6 /* Debug */,
				EECEDD3F240E5877002F88F6 /* Release */,
			);
			defaultConfigurationIsVisible = 0;
			defaultConfigurationName = Release;
		};
/* End XCConfigurationList section */
	};
	rootObject = EECEDD21240E5873002F88F6 /* Project object */;
}
